
Microsoft Visual Studio Solution File, Format Version 12.00
# Visual Studio Version 16
VisualStudioVersion = 16.0.29911.84
MinimumVisualStudioVersion = 10.0.40219.1
Project("{9A19103F-16F7-4668-BE54-9A1E7A4F7556}") = "Doctor.Core", "Doctor.Core\Doctor.Core.csproj", "{BFE85886-4B37-4CED-970B-5837FE61EA81}"
	ProjectSection(ProjectDependencies) = postProject
		{7E7A5F2E-237D-47B0-96EB-7251D80270BB} = {7E7A5F2E-237D-47B0-96EB-7251D80270BB}
		{79F7EA7D-C80F-4F9C-9363-021F67B56380} = {79F7EA7D-C80F-4F9C-9363-021F67B56380}
	EndProjectSection
EndProject
Project("{9A19103F-16F7-4668-BE54-9A1E7A4F7556}") = "Doctor.Core.Model", "Doctor.Core.Model\Doctor.Core.Model.csproj", "{4798183C-C02B-42BE-89A5-E029D9AF7A4C}"
EndProject
Project("{9A19103F-16F7-4668-BE54-9A1E7A4F7556}") = "Doctor.Core.Common", "Doctor.Core.Common\Doctor.Core.Common.csproj", "{7EA49155-1BDA-4908-A078-1663BAA51B26}"
EndProject
Project("{9A19103F-16F7-4668-BE54-9A1E7A4F7556}") = "Doctor.Core.IRepository", "Doctor.Core.IRepository\Doctor.Core.IRepository.csproj", "{FE8C853C-EACC-469C-8C7F-6639E88F082E}"
EndProject
Project("{9A19103F-16F7-4668-BE54-9A1E7A4F7556}") = "Doctor.Core.Repository", "Doctor.Core.Repository\Doctor.Core.Repository.csproj", "{7E7A5F2E-237D-47B0-96EB-7251D80270BB}"
EndProject
Project("{9A19103F-16F7-4668-BE54-9A1E7A4F7556}") = "Doctor.Core.IServices", "Doctor.Core.IServices\Doctor.Core.IServices.csproj", "{2F6857B7-FA40-4FE5-9B63-234F39BA5E11}"
EndProject
Project("{9A19103F-16F7-4668-BE54-9A1E7A4F7556}") = "Doctor.Core.Services", "Doctor.Core.Services\Doctor.Core.Services.csproj", "{79F7EA7D-C80F-4F9C-9363-021F67B56380}"
EndProject
Project("{FAE04EC0-301F-11D3-BF4B-00C04F79EFBC}") = "Doctor.Core.FrameWork", "Doctor.Core.FrameWork\Doctor.Core.FrameWork.csproj", "{E343C72B-3EE8-4D91-BF90-0210C53B7C47}"
EndProject
Global
	GlobalSection(SolutionConfigurationPlatforms) = preSolution
		Debug|Any CPU = Debug|Any CPU
		Release|Any CPU = Release|Any CPU
	EndGlobalSection
	GlobalSection(ProjectConfigurationPlatforms) = postSolution
		{BFE85886-4B37-4CED-970B-5837FE61EA81}.Debug|Any CPU.ActiveCfg = Debug|Any CPU
		{BFE85886-4B37-4CED-970B-5837FE61EA81}.Debug|Any CPU.Build.0 = Debug|Any CPU
		{BFE85886-4B37-4CED-970B-5837FE61EA81}.Release|Any CPU.ActiveCfg = Release|Any CPU
		{BFE85886-4B37-4CED-970B-5837FE61EA81}.Release|Any CPU.Build.0 = Release|Any CPU
		{4798183C-C02B-42BE-89A5-E029D9AF7A4C}.Debug|Any CPU.ActiveCfg = Debug|Any CPU
		{4798183C-C02B-42BE-89A5-E029D9AF7A4C}.Debug|Any CPU.Build.0 = Debug|Any CPU
		{4798183C-C02B-42BE-89A5-E029D9AF7A4C}.Release|Any CPU.ActiveCfg = Release|Any CPU
		{4798183C-C02B-42BE-89A5-E029D9AF7A4C}.Release|Any CPU.Build.0 = Release|Any CPU
		{7EA49155-1BDA-4908-A078-1663BAA51B26}.Debug|Any CPU.ActiveCfg = Debug|Any CPU
		{7EA49155-1BDA-4908-A078-1663BAA51B26}.Debug|Any CPU.Build.0 = Debug|Any CPU
		{7EA49155-1BDA-4908-A078-1663BAA51B26}.Release|Any CPU.ActiveCfg = Release|Any CPU
		{7EA49155-1BDA-4908-A078-1663BAA51B26}.Release|Any CPU.Build.0 = Release|Any CPU
		{FE8C853C-EACC-469C-8C7F-6639E88F082E}.Debug|Any CPU.ActiveCfg = Debug|Any CPU
		{FE8C853C-EACC-469C-8C7F-6639E88F082E}.Debug|Any CPU.Build.0 = Debug|Any CPU
		{FE8C853C-EACC-469C-8C7F-6639E88F082E}.Release|Any CPU.ActiveCfg = Release|Any CPU
		{FE8C853C-EACC-469C-8C7F-6639E88F082E}.Release|Any CPU.Build.0 = Release|Any CPU
		{7E7A5F2E-237D-47B0-96EB-7251D80270BB}.Debug|Any CPU.ActiveCfg = Debug|Any CPU
		{7E7A5F2E-237D-47B0-96EB-7251D80270BB}.Debug|Any CPU.Build.0 = Debug|Any CPU
		{7E7A5F2E-237D-47B0-96EB-7251D80270BB}.Release|Any CPU.ActiveCfg = Release|Any CPU
		{7E7A5F2E-237D-47B0-96EB-7251D80270BB}.Release|Any CPU.Build.0 = Release|Any CPU
		{2F6857B7-FA40-4FE5-9B63-234F39BA5E11}.Debug|Any CPU.ActiveCfg = Debug|Any CPU
		{2F6857B7-FA40-4FE5-9B63-234F39BA5E11}.Debug|Any CPU.Build.0 = Debug|Any CPU
		{2F6857B7-FA40-4FE5-9B63-234F39BA5E11}.Release|Any CPU.ActiveCfg = Release|Any CPU
		{2F6857B7-FA40-4FE5-9B63-234F39BA5E11}.Release|Any CPU.Build.0 = Release|Any CPU
		{79F7EA7D-C80F-4F9C-9363-021F67B56380}.Debug|Any CPU.ActiveCfg = Debug|Any CPU
		{79F7EA7D-C80F-4F9C-9363-021F67B56380}.Debug|Any CPU.Build.0 = Debug|Any CPU
		{79F7EA7D-C80F-4F9C-9363-021F67B56380}.Release|Any CPU.ActiveCfg = Release|Any CPU
		{79F7EA7D-C80F-4F9C-9363-021F67B56380}.Release|Any CPU.Build.0 = Release|Any CPU
		{E343C72B-3EE8-4D91-BF90-0210C53B7C47}.Debug|Any CPU.ActiveCfg = Debug|Any CPU
		{E343C72B-3EE8-4D91-BF90-0210C53B7C47}.Debug|Any CPU.Build.0 = Debug|Any CPU
		{E343C72B-3EE8-4D91-BF90-0210C53B7C47}.Release|Any CPU.ActiveCfg = Release|Any CPU
		{E343C72B-3EE8-4D91-BF90-0210C53B7C47}.Release|Any CPU.Build.0 = Release|Any CPU
	EndGlobalSection
	GlobalSection(SolutionProperties) = preSolution
		HideSolutionNode = FALSE
	EndGlobalSection
	GlobalSection(ExtensibilityGlobals) = postSolution
		SolutionGuid = {8D077CCA-471A-4D30-9819-97441AB23167}
	EndGlobalSection
EndGlobal
